
Microsoft Visual Studio Solution File, Format Version 11.00
# Visual C++ Express 2010
Project("{8BC9CEB8-8B4A-11D0-8D11-00A0C91BC942}") = "smoke_test", "smoke_test\smoke_test.vcxproj", "{E0B2467D-384D-4C26-9A35-795C356B22C3}"
EndProject
Project("{8BC9CEB8-8B4A-11D0-8D11-00A0C91BC942}") = "hello_world_utf8", "hello_world_utf8\hello_world_utf8.vcxproj", "{B312098E-FE14-42FB-A47B-2228C6559DF1}"
EndProject
Project("{8BC9CEB8-8B4A-11D0-8D11-00A0C91BC942}") = "table_generator", "table_generator\table_generator.vcxproj", "{7FB01443-E361-4005-8507-D0732A296BE7}"
EndProject
Project("{8BC9CEB8-8B4A-11D0-8D11-00A0C91BC942}") = "sweet_dreams", "sweet_dreams\sweet_dreams.vcxproj", "{FA47D64B-55E1-4AA6-A28D-3FA23A96F9C8}"
EndProject
Global
	GlobalSection(SolutionConfigurationPlatforms) = preSolution
		Debug|Win32 = Debug|Win32
		Release|Win32 = Release|Win32
	EndGlobalSection
	GlobalSection(ProjectConfigurationPlatforms) = postSolution
		{E0B2467D-384D-4C26-9A35-795C356B22C3}.Debug|Win32.ActiveCfg = Debug|Win32
		{E0B2467D-384D-4C26-9A35-795C356B22C3}.Debug|Win32.Build.0 = Debug|Win32
		{E0B2467D-384D-4C26-9A35-795C356B22C3}.Release|Win32.ActiveCfg = Release|Win32
		{E0B2467D-384D-4C26-9A35-795C356B22C3}.Release|Win32.Build.0 = Release|Win32
		{B312098E-FE14-42FB-A47B-2228C6559DF1}.Debug|Win32.ActiveCfg = Debug|Win32
		{B312098E-FE14-42FB-A47B-2228C6559DF1}.Debug|Win32.Build.0 = Debug|Win32
		{B312098E-FE14-42FB-A47B-2228C6559DF1}.Release|Win32.ActiveCfg = Release|Win32
		{B312098E-FE14-42FB-A47B-2228C6559DF1}.Release|Win32.Build.0 = Release|Win32
		{7FB01443-E361-4005-8507-D0732A296BE7}.Debug|Win32.ActiveCfg = Debug|Win32
		{7FB01443-E361-4005-8507-D0732A296BE7}.Debug|Win32.Build.0 = Debug|Win32
		{7FB01443-E361-4005-8507-D0732A296BE7}.Release|Win32.ActiveCfg = Release|Win32
		{7FB01443-E361-4005-8507-D0732A296BE7}.Release|Win32.Build.0 = Release|Win32
		{FA47D64B-55E1-4AA6-A28D-3FA23A96F9C8}.Debug|Win32.ActiveCfg = Debug|Win32
		{FA47D64B-55E1-4AA6-A28D-3FA23A96F9C8}.Debug|Win32.Build.0 = Debug|Win32
		{FA47D64B-55E1-4AA6-A28D-3FA23A96F9C8}.Release|Win32.ActiveCfg = Release|Win32
		{FA47D64B-55E1-4AA6-A28D-3FA23A96F9C8}.Release|Win32.Build.0 = Release|Win32
	EndGlobalSection
	GlobalSection(SolutionProperties) = preSolution
		HideSolutionNode = FALSE
	EndGlobalSection
EndGlobal
