
Microsoft Visual Studio Solution File, Format Version 12.00
# Visual Studio Express 2013 for Windows Desktop
VisualStudioVersion = 12.0.30626.0
MinimumVisualStudioVersion = 10.0.40219.1
Project("{8BC9CEB8-8B4A-11D0-8D11-00A0C91BC942}") = "table_generator", "table_generator\table_generator.vcxproj", "{7FB01443-E361-4005-8507-D0732A296BE7}"
EndProject
Project("{8BC9CEB8-8B4A-11D0-8D11-00A0C91BC942}") = "sweet_dreams", "sweet_dreams\sweet_dreams.vcxproj", "{FA47D64B-55E1-4AA6-A28D-3FA23A96F9C8}"
EndProject
Project("{8BC9CEB8-8B4A-11D0-8D11-00A0C91BC942}") = "is_iterator_test", "is_iterator_test\is_iterator_test.vcxproj", "{675C7F09-E581-4A5E-872E-E167BD365145}"
EndProject
Project("{8BC9CEB8-8B4A-11D0-8D11-00A0C91BC942}") = "stream_test", "stream_test\stream_test.vcxproj", "{61FD2BA1-E82B-4CDF-A301-03B02FC3A542}"
	ProjectSection(ProjectDependencies) = postProject
		{1F72F455-D21C-4D43-BCE6-B3DE0EA34586} = {1F72F455-D21C-4D43-BCE6-B3DE0EA34586}
	EndProjectSection
EndProject
Project("{8BC9CEB8-8B4A-11D0-8D11-00A0C91BC942}") = "convert_test", "convert_test\convert_test.vcxproj", "{937CE364-BDFE-491D-B06A-E25BBD297594}"
	ProjectSection(ProjectDependencies) = postProject
		{1F72F455-D21C-4D43-BCE6-B3DE0EA34586} = {1F72F455-D21C-4D43-BCE6-B3DE0EA34586}
	EndProjectSection
EndProject
Project("{8BC9CEB8-8B4A-11D0-8D11-00A0C91BC942}") = "smoke_test2", "smoke_test2\smoke_test2.vcxproj", "{9E97DFBF-C1A6-4E30-81D2-F8CD01DC902E}"
	ProjectSection(ProjectDependencies) = postProject
		{1F72F455-D21C-4D43-BCE6-B3DE0EA34586} = {1F72F455-D21C-4D43-BCE6-B3DE0EA34586}
	EndProjectSection
EndProject
Project("{8BC9CEB8-8B4A-11D0-8D11-00A0C91BC942}") = "codec_iterator_test", "codec_iterator_test\codec_iterator_test.vcxproj", "{5B04DCCD-6BFA-4535-8A30-3AA7A7C477D2}"
	ProjectSection(ProjectDependencies) = postProject
		{1F72F455-D21C-4D43-BCE6-B3DE0EA34586} = {1F72F455-D21C-4D43-BCE6-B3DE0EA34586}
	EndProjectSection
EndProject
Project("{8BC9CEB8-8B4A-11D0-8D11-00A0C91BC942}") = "scratch", "scratch\scratch.vcxproj", "{69E4FE5F-9A15-49AC-BEFA-30575AC77B15}"
EndProject
Project("{8BC9CEB8-8B4A-11D0-8D11-00A0C91BC942}") = "make_test", "make_test\make_test.vcxproj", "{41B6645C-71C6-4F71-825E-D4390868E54A}"
	ProjectSection(ProjectDependencies) = postProject
		{1F72F455-D21C-4D43-BCE6-B3DE0EA34586} = {1F72F455-D21C-4D43-BCE6-B3DE0EA34586}
	EndProjectSection
EndProject
Project("{8BC9CEB8-8B4A-11D0-8D11-00A0C91BC942}") = "interop_dll", "interop_dll\interop_dll.vcxproj", "{1F72F455-D21C-4D43-BCE6-B3DE0EA34586}"
EndProject
Project("{8BC9CEB8-8B4A-11D0-8D11-00A0C91BC942}") = "operators_test", "operators_test\operators_test.vcxproj", "{ADF4DCEF-86EA-45FD-B34B-48C941296EBC}"
	ProjectSection(ProjectDependencies) = postProject
		{1F72F455-D21C-4D43-BCE6-B3DE0EA34586} = {1F72F455-D21C-4D43-BCE6-B3DE0EA34586}
	EndProjectSection
EndProject
Project("{8BC9CEB8-8B4A-11D0-8D11-00A0C91BC942}") = "ntcts_iterator_test", "ntcts_iterator_test\ntcts_iterator_test.vcxproj", "{11192DF0-B696-433D-942E-B5464B93CCC5}"
EndProject
Project("{8BC9CEB8-8B4A-11D0-8D11-00A0C91BC942}") = "smoke_test1", "smoke_test1\smoke_test1.vcxproj", "{BCA933A8-2BDF-4609-8C0D-176D6EF69846}"
EndProject
Global
	GlobalSection(SolutionConfigurationPlatforms) = preSolution
		Debug|Win32 = Debug|Win32
		Release|Win32 = Release|Win32
	EndGlobalSection
	GlobalSection(ProjectConfigurationPlatforms) = postSolution
		{7FB01443-E361-4005-8507-D0732A296BE7}.Debug|Win32.ActiveCfg = Debug|Win32
		{7FB01443-E361-4005-8507-D0732A296BE7}.Debug|Win32.Build.0 = Debug|Win32
		{7FB01443-E361-4005-8507-D0732A296BE7}.Release|Win32.ActiveCfg = Release|Win32
		{7FB01443-E361-4005-8507-D0732A296BE7}.Release|Win32.Build.0 = Release|Win32
		{FA47D64B-55E1-4AA6-A28D-3FA23A96F9C8}.Debug|Win32.ActiveCfg = Debug|Win32
		{FA47D64B-55E1-4AA6-A28D-3FA23A96F9C8}.Release|Win32.ActiveCfg = Release|Win32
		{675C7F09-E581-4A5E-872E-E167BD365145}.Debug|Win32.ActiveCfg = Debug|Win32
		{675C7F09-E581-4A5E-872E-E167BD365145}.Debug|Win32.Build.0 = Debug|Win32
		{675C7F09-E581-4A5E-872E-E167BD365145}.Release|Win32.ActiveCfg = Release|Win32
		{675C7F09-E581-4A5E-872E-E167BD365145}.Release|Win32.Build.0 = Release|Win32
		{61FD2BA1-E82B-4CDF-A301-03B02FC3A542}.Debug|Win32.ActiveCfg = Debug|Win32
		{61FD2BA1-E82B-4CDF-A301-03B02FC3A542}.Debug|Win32.Build.0 = Debug|Win32
		{61FD2BA1-E82B-4CDF-A301-03B02FC3A542}.Release|Win32.ActiveCfg = Release|Win32
		{61FD2BA1-E82B-4CDF-A301-03B02FC3A542}.Release|Win32.Build.0 = Release|Win32
		{937CE364-BDFE-491D-B06A-E25BBD297594}.Debug|Win32.ActiveCfg = Debug|Win32
		{937CE364-BDFE-491D-B06A-E25BBD297594}.Debug|Win32.Build.0 = Debug|Win32
		{937CE364-BDFE-491D-B06A-E25BBD297594}.Release|Win32.ActiveCfg = Release|Win32
		{937CE364-BDFE-491D-B06A-E25BBD297594}.Release|Win32.Build.0 = Release|Win32
		{9E97DFBF-C1A6-4E30-81D2-F8CD01DC902E}.Debug|Win32.ActiveCfg = Debug|Win32
		{9E97DFBF-C1A6-4E30-81D2-F8CD01DC902E}.Debug|Win32.Build.0 = Debug|Win32
		{9E97DFBF-C1A6-4E30-81D2-F8CD01DC902E}.Release|Win32.ActiveCfg = Release|Win32
		{9E97DFBF-C1A6-4E30-81D2-F8CD01DC902E}.Release|Win32.Build.0 = Release|Win32
		{5B04DCCD-6BFA-4535-8A30-3AA7A7C477D2}.Debug|Win32.ActiveCfg = Debug|Win32
		{5B04DCCD-6BFA-4535-8A30-3AA7A7C477D2}.Debug|Win32.Build.0 = Debug|Win32
		{5B04DCCD-6BFA-4535-8A30-3AA7A7C477D2}.Release|Win32.ActiveCfg = Release|Win32
		{5B04DCCD-6BFA-4535-8A30-3AA7A7C477D2}.Release|Win32.Build.0 = Release|Win32
		{69E4FE5F-9A15-49AC-BEFA-30575AC77B15}.Debug|Win32.ActiveCfg = Debug|Win32
		{69E4FE5F-9A15-49AC-BEFA-30575AC77B15}.Debug|Win32.Build.0 = Debug|Win32
		{69E4FE5F-9A15-49AC-BEFA-30575AC77B15}.Release|Win32.ActiveCfg = Release|Win32
		{69E4FE5F-9A15-49AC-BEFA-30575AC77B15}.Release|Win32.Build.0 = Release|Win32
		{41B6645C-71C6-4F71-825E-D4390868E54A}.Debug|Win32.ActiveCfg = Debug|Win32
		{41B6645C-71C6-4F71-825E-D4390868E54A}.Debug|Win32.Build.0 = Debug|Win32
		{41B6645C-71C6-4F71-825E-D4390868E54A}.Release|Win32.ActiveCfg = Release|Win32
		{41B6645C-71C6-4F71-825E-D4390868E54A}.Release|Win32.Build.0 = Release|Win32
		{1F72F455-D21C-4D43-BCE6-B3DE0EA34586}.Debug|Win32.ActiveCfg = Debug|Win32
		{1F72F455-D21C-4D43-BCE6-B3DE0EA34586}.Debug|Win32.Build.0 = Debug|Win32
		{1F72F455-D21C-4D43-BCE6-B3DE0EA34586}.Release|Win32.ActiveCfg = Release|Win32
		{1F72F455-D21C-4D43-BCE6-B3DE0EA34586}.Release|Win32.Build.0 = Release|Win32
		{ADF4DCEF-86EA-45FD-B34B-48C941296EBC}.Debug|Win32.ActiveCfg = Debug|Win32
		{ADF4DCEF-86EA-45FD-B34B-48C941296EBC}.Debug|Win32.Build.0 = Debug|Win32
		{ADF4DCEF-86EA-45FD-B34B-48C941296EBC}.Release|Win32.ActiveCfg = Release|Win32
		{ADF4DCEF-86EA-45FD-B34B-48C941296EBC}.Release|Win32.Build.0 = Release|Win32
		{11192DF0-B696-433D-942E-B5464B93CCC5}.Debug|Win32.ActiveCfg = Debug|Win32
		{11192DF0-B696-433D-942E-B5464B93CCC5}.Debug|Win32.Build.0 = Debug|Win32
		{11192DF0-B696-433D-942E-B5464B93CCC5}.Release|Win32.ActiveCfg = Release|Win32
		{11192DF0-B696-433D-942E-B5464B93CCC5}.Release|Win32.Build.0 = Release|Win32
		{BCA933A8-2BDF-4609-8C0D-176D6EF69846}.Debug|Win32.ActiveCfg = Debug|Win32
		{BCA933A8-2BDF-4609-8C0D-176D6EF69846}.Debug|Win32.Build.0 = Debug|Win32
		{BCA933A8-2BDF-4609-8C0D-176D6EF69846}.Release|Win32.ActiveCfg = Release|Win32
		{BCA933A8-2BDF-4609-8C0D-176D6EF69846}.Release|Win32.Build.0 = Release|Win32
	EndGlobalSection
	GlobalSection(SolutionProperties) = preSolution
		HideSolutionNode = FALSE
	EndGlobalSection
EndGlobal
