
Microsoft Visual Studio Solution File, Format Version 11.00
# Visual C++ Express 2010
Project("{8BC9CEB8-8B4A-11D0-8D11-00A0C91BC942}") = "table_generator", "table_generator\table_generator.vcxproj", "{7FB01443-E361-4005-8507-D0732A296BE7}"
EndProject
Project("{8BC9CEB8-8B4A-11D0-8D11-00A0C91BC942}") = "sweet_dreams", "sweet_dreams\sweet_dreams.vcxproj", "{FA47D64B-55E1-4AA6-A28D-3FA23A96F9C8}"
EndProject
Project("{8BC9CEB8-8B4A-11D0-8D11-00A0C91BC942}") = "iterator_adapter_unit_test", "iterator_adapter_unit_test\iterator_adapter_unit_test.vcxproj", "{A6A1E9D3-1C05-41EF-BF4B-F0732354321E}"
EndProject
Project("{8BC9CEB8-8B4A-11D0-8D11-00A0C91BC942}") = "is_iterator_test", "is_iterator_test\is_iterator_test.vcxproj", "{675C7F09-E581-4A5E-872E-E167BD365145}"
EndProject
Project("{8BC9CEB8-8B4A-11D0-8D11-00A0C91BC942}") = "interop_test", "interop_test\interop_test.vcxproj", "{0421F975-5BAE-4F15-90B6-3631ABAE055F}"
EndProject
Project("{8BC9CEB8-8B4A-11D0-8D11-00A0C91BC942}") = "interop_unit_test", "interop_unit_test\interop_unit_test.vcxproj", "{52BC227A-5EBE-4293-B4B3-751F62CAC23A}"
EndProject
Project("{8BC9CEB8-8B4A-11D0-8D11-00A0C91BC942}") = "stream_test", "stream_test\stream_test.vcxproj", "{61FD2BA1-E82B-4CDF-A301-03B02FC3A542}"
EndProject
Project("{8BC9CEB8-8B4A-11D0-8D11-00A0C91BC942}") = "problem2.cpp", "problem2.cpp\problem2.cpp.vcxproj", "{134577C0-467D-4BF0-A36B-ABA301BAEC92}"
EndProject
Global
	GlobalSection(SolutionConfigurationPlatforms) = preSolution
		Debug|Win32 = Debug|Win32
		Release|Win32 = Release|Win32
	EndGlobalSection
	GlobalSection(ProjectConfigurationPlatforms) = postSolution
		{7FB01443-E361-4005-8507-D0732A296BE7}.Debug|Win32.ActiveCfg = Debug|Win32
		{7FB01443-E361-4005-8507-D0732A296BE7}.Debug|Win32.Build.0 = Debug|Win32
		{7FB01443-E361-4005-8507-D0732A296BE7}.Release|Win32.ActiveCfg = Release|Win32
		{7FB01443-E361-4005-8507-D0732A296BE7}.Release|Win32.Build.0 = Release|Win32
		{FA47D64B-55E1-4AA6-A28D-3FA23A96F9C8}.Debug|Win32.ActiveCfg = Debug|Win32
		{FA47D64B-55E1-4AA6-A28D-3FA23A96F9C8}.Debug|Win32.Build.0 = Debug|Win32
		{FA47D64B-55E1-4AA6-A28D-3FA23A96F9C8}.Release|Win32.ActiveCfg = Release|Win32
		{FA47D64B-55E1-4AA6-A28D-3FA23A96F9C8}.Release|Win32.Build.0 = Release|Win32
		{A6A1E9D3-1C05-41EF-BF4B-F0732354321E}.Debug|Win32.ActiveCfg = Debug|Win32
		{A6A1E9D3-1C05-41EF-BF4B-F0732354321E}.Debug|Win32.Build.0 = Debug|Win32
		{A6A1E9D3-1C05-41EF-BF4B-F0732354321E}.Release|Win32.ActiveCfg = Release|Win32
		{A6A1E9D3-1C05-41EF-BF4B-F0732354321E}.Release|Win32.Build.0 = Release|Win32
		{675C7F09-E581-4A5E-872E-E167BD365145}.Debug|Win32.ActiveCfg = Debug|Win32
		{675C7F09-E581-4A5E-872E-E167BD365145}.Debug|Win32.Build.0 = Debug|Win32
		{675C7F09-E581-4A5E-872E-E167BD365145}.Release|Win32.ActiveCfg = Release|Win32
		{675C7F09-E581-4A5E-872E-E167BD365145}.Release|Win32.Build.0 = Release|Win32
		{0421F975-5BAE-4F15-90B6-3631ABAE055F}.Debug|Win32.ActiveCfg = Debug|Win32
		{0421F975-5BAE-4F15-90B6-3631ABAE055F}.Debug|Win32.Build.0 = Debug|Win32
		{0421F975-5BAE-4F15-90B6-3631ABAE055F}.Release|Win32.ActiveCfg = Release|Win32
		{0421F975-5BAE-4F15-90B6-3631ABAE055F}.Release|Win32.Build.0 = Release|Win32
		{52BC227A-5EBE-4293-B4B3-751F62CAC23A}.Debug|Win32.ActiveCfg = Debug|Win32
		{52BC227A-5EBE-4293-B4B3-751F62CAC23A}.Debug|Win32.Build.0 = Debug|Win32
		{52BC227A-5EBE-4293-B4B3-751F62CAC23A}.Release|Win32.ActiveCfg = Release|Win32
		{52BC227A-5EBE-4293-B4B3-751F62CAC23A}.Release|Win32.Build.0 = Release|Win32
		{61FD2BA1-E82B-4CDF-A301-03B02FC3A542}.Debug|Win32.ActiveCfg = Debug|Win32
		{61FD2BA1-E82B-4CDF-A301-03B02FC3A542}.Debug|Win32.Build.0 = Debug|Win32
		{61FD2BA1-E82B-4CDF-A301-03B02FC3A542}.Release|Win32.ActiveCfg = Release|Win32
		{61FD2BA1-E82B-4CDF-A301-03B02FC3A542}.Release|Win32.Build.0 = Release|Win32
		{134577C0-467D-4BF0-A36B-ABA301BAEC92}.Debug|Win32.ActiveCfg = Debug|Win32
		{134577C0-467D-4BF0-A36B-ABA301BAEC92}.Debug|Win32.Build.0 = Debug|Win32
		{134577C0-467D-4BF0-A36B-ABA301BAEC92}.Release|Win32.ActiveCfg = Release|Win32
		{134577C0-467D-4BF0-A36B-ABA301BAEC92}.Release|Win32.Build.0 = Release|Win32
	EndGlobalSection
	GlobalSection(SolutionProperties) = preSolution
		HideSolutionNode = FALSE
	EndGlobalSection
EndGlobal
