
Microsoft Visual Studio Solution File, Format Version 11.00
# Visual C++ Express 2010
Project("{8BC9CEB8-8B4A-11D0-8D11-00A0C91BC942}") = "table_generator", "table_generator\table_generator.vcxproj", "{7FB01443-E361-4005-8507-D0732A296BE7}"
EndProject
Project("{8BC9CEB8-8B4A-11D0-8D11-00A0C91BC942}") = "sweet_dreams", "sweet_dreams\sweet_dreams.vcxproj", "{FA47D64B-55E1-4AA6-A28D-3FA23A96F9C8}"
EndProject
Project("{8BC9CEB8-8B4A-11D0-8D11-00A0C91BC942}") = "is_iterator_test", "is_iterator_test\is_iterator_test.vcxproj", "{675C7F09-E581-4A5E-872E-E167BD365145}"
EndProject
Project("{8BC9CEB8-8B4A-11D0-8D11-00A0C91BC942}") = "stream_test", "stream_test\stream_test.vcxproj", "{61FD2BA1-E82B-4CDF-A301-03B02FC3A542}"
EndProject
Project("{8BC9CEB8-8B4A-11D0-8D11-00A0C91BC942}") = "convert_test", "convert_test\convert_test.vcxproj", "{937CE364-BDFE-491D-B06A-E25BBD297594}"
EndProject
Project("{8BC9CEB8-8B4A-11D0-8D11-00A0C91BC942}") = "smoke_test2", "smoke_test2\smoke_test2.vcxproj", "{9E97DFBF-C1A6-4E30-81D2-F8CD01DC902E}"
EndProject
Project("{8BC9CEB8-8B4A-11D0-8D11-00A0C91BC942}") = "codec_iterator_test", "codec_iterator_test\codec_iterator_test.vcxproj", "{5B04DCCD-6BFA-4535-8A30-3AA7A7C477D2}"
EndProject
Global
	GlobalSection(SolutionConfigurationPlatforms) = preSolution
		Debug|Win32 = Debug|Win32
		Release|Win32 = Release|Win32
	EndGlobalSection
	GlobalSection(ProjectConfigurationPlatforms) = postSolution
		{7FB01443-E361-4005-8507-D0732A296BE7}.Debug|Win32.ActiveCfg = Debug|Win32
		{7FB01443-E361-4005-8507-D0732A296BE7}.Debug|Win32.Build.0 = Debug|Win32
		{7FB01443-E361-4005-8507-D0732A296BE7}.Release|Win32.ActiveCfg = Release|Win32
		{7FB01443-E361-4005-8507-D0732A296BE7}.Release|Win32.Build.0 = Release|Win32
		{FA47D64B-55E1-4AA6-A28D-3FA23A96F9C8}.Debug|Win32.ActiveCfg = Debug|Win32
		{FA47D64B-55E1-4AA6-A28D-3FA23A96F9C8}.Release|Win32.ActiveCfg = Release|Win32
		{675C7F09-E581-4A5E-872E-E167BD365145}.Debug|Win32.ActiveCfg = Debug|Win32
		{675C7F09-E581-4A5E-872E-E167BD365145}.Debug|Win32.Build.0 = Debug|Win32
		{675C7F09-E581-4A5E-872E-E167BD365145}.Release|Win32.ActiveCfg = Release|Win32
		{675C7F09-E581-4A5E-872E-E167BD365145}.Release|Win32.Build.0 = Release|Win32
		{61FD2BA1-E82B-4CDF-A301-03B02FC3A542}.Debug|Win32.ActiveCfg = Debug|Win32
		{61FD2BA1-E82B-4CDF-A301-03B02FC3A542}.Debug|Win32.Build.0 = Debug|Win32
		{61FD2BA1-E82B-4CDF-A301-03B02FC3A542}.Release|Win32.ActiveCfg = Release|Win32
		{61FD2BA1-E82B-4CDF-A301-03B02FC3A542}.Release|Win32.Build.0 = Release|Win32
		{937CE364-BDFE-491D-B06A-E25BBD297594}.Debug|Win32.ActiveCfg = Debug|Win32
		{937CE364-BDFE-491D-B06A-E25BBD297594}.Debug|Win32.Build.0 = Debug|Win32
		{937CE364-BDFE-491D-B06A-E25BBD297594}.Release|Win32.ActiveCfg = Release|Win32
		{937CE364-BDFE-491D-B06A-E25BBD297594}.Release|Win32.Build.0 = Release|Win32
		{9E97DFBF-C1A6-4E30-81D2-F8CD01DC902E}.Debug|Win32.ActiveCfg = Debug|Win32
		{9E97DFBF-C1A6-4E30-81D2-F8CD01DC902E}.Debug|Win32.Build.0 = Debug|Win32
		{9E97DFBF-C1A6-4E30-81D2-F8CD01DC902E}.Release|Win32.ActiveCfg = Release|Win32
		{9E97DFBF-C1A6-4E30-81D2-F8CD01DC902E}.Release|Win32.Build.0 = Release|Win32
		{5B04DCCD-6BFA-4535-8A30-3AA7A7C477D2}.Debug|Win32.ActiveCfg = Debug|Win32
		{5B04DCCD-6BFA-4535-8A30-3AA7A7C477D2}.Debug|Win32.Build.0 = Debug|Win32
		{5B04DCCD-6BFA-4535-8A30-3AA7A7C477D2}.Release|Win32.ActiveCfg = Release|Win32
		{5B04DCCD-6BFA-4535-8A30-3AA7A7C477D2}.Release|Win32.Build.0 = Release|Win32
	EndGlobalSection
	GlobalSection(SolutionProperties) = preSolution
		HideSolutionNode = FALSE
	EndGlobalSection
EndGlobal
